
Microsoft Visual Studio Solution File, Format Version 12.00
# Visual Studio Version 17
VisualStudioVersion = 17.12.35707.178
MinimumVisualStudioVersion = 10.0.40219.1
Project("{FAE04EC0-301F-11D3-BF4B-00C04F79EFBC}") = "Nuons", "src\Nuons\Nuons.csproj", "{6C76BA2D-3647-4A56-BC49-5F2DC1857819}"
EndProject
Project("{FAE04EC0-301F-11D3-BF4B-00C04F79EFBC}") = "Nuons.DependencyInjection", "src\Nuons.DependencyInjection\Nuons.DependencyInjection.csproj", "{860853C7-500E-4D5E-86CC-D99212C8F565}"
EndProject
Project("{FAE04EC0-301F-11D3-BF4B-00C04F79EFBC}") = "Nuons.DependencyInjection.Analyzers", "src\Nuons.DependencyInjection.Analyzers\Nuons.DependencyInjection.Analyzers.csproj", "{021D5000-58D6-4D6D-AE75-8E009659C904}"
EndProject
Project("{FAE04EC0-301F-11D3-BF4B-00C04F79EFBC}") = "Nuons.DependencyInjection.Analyzers.Tests", "tests\Nuons.DependencyInjection.Analyzers.Tests\Nuons.DependencyInjection.Analyzers.Tests.csproj", "{CA2AF28B-6B81-49CA-BD5A-8CAC81E73C0F}"
EndProject
Project("{FAE04EC0-301F-11D3-BF4B-00C04F79EFBC}") = "Nuons.DependencyInjection.Tests", "tests\Nuons.DependencyInjection.Tests\Nuons.DependencyInjection.Tests.csproj", "{C23BF8A0-2875-4A60-95EF-A47CF6555019}"
EndProject
Project("{FAE04EC0-301F-11D3-BF4B-00C04F79EFBC}") = "Nuons.DependencyInjection.Generators", "src\Nuons.DependencyInjection.Generators\Nuons.DependencyInjection.Generators.csproj", "{1C8CCC88-33E2-420D-94D8-8AEA5D64F9E4}"
EndProject
Project("{FAE04EC0-301F-11D3-BF4B-00C04F79EFBC}") = "Nuons.DependencyInjection.Generators.Tests", "tests\Nuons.DependencyInjection.Generators.Tests\Nuons.DependencyInjection.Generators.Tests.csproj", "{CD9D2C78-63B0-43B4-ABBE-3783082C6E1C}"
EndProject
Project("{FAE04EC0-301F-11D3-BF4B-00C04F79EFBC}") = "Nuons.Http.Abstractions", "src\Nuons.Http.Abstractions\Nuons.Http.Abstractions.csproj", "{52DD982D-5DF3-46CC-AAEF-B6D2B3825A9C}"
EndProject
Project("{FAE04EC0-301F-11D3-BF4B-00C04F79EFBC}") = "Nuons.Http.Generators", "src\Nuons.Http.Generators\Nuons.Http.Generators.csproj", "{AEABC2F5-A7CE-446F-809F-AB8ECA985306}"
EndProject
Project("{FAE04EC0-301F-11D3-BF4B-00C04F79EFBC}") = "Nuons.Core.Abstractions", "src\Nuons.Core.Abstractions\Nuons.Core.Abstractions.csproj", "{3EE7DA57-73C4-4AB3-BF63-DD764BE0C210}"
EndProject
Project("{FAE04EC0-301F-11D3-BF4B-00C04F79EFBC}") = "Nuons.Core.Generators", "src\Nuons.Core.Generators\Nuons.Core.Generators.csproj", "{D13B506B-47D3-4203-9E1B-257507D1F12E}"
EndProject
Project("{FAE04EC0-301F-11D3-BF4B-00C04F79EFBC}") = "Nuons.Core.Tests", "tests\Nuons.Core.Tests\Nuons.Core.Tests.csproj", "{DE1764E4-F82C-40C4-89EC-72876B2506DE}"
EndProject
Project("{FAE04EC0-301F-11D3-BF4B-00C04F79EFBC}") = "Nuons.Http.Generators.Tests", "tests\Nuons.Http.Generators.Tests\Nuons.Http.Generators.Tests.csproj", "{FDD93947-4B1A-4376-9A7F-FE97B9FA497C}"
EndProject
Global
	GlobalSection(SolutionConfigurationPlatforms) = preSolution
		Debug|Any CPU = Debug|Any CPU
		Release|Any CPU = Release|Any CPU
	EndGlobalSection
	GlobalSection(ProjectConfigurationPlatforms) = postSolution
		{6C76BA2D-3647-4A56-BC49-5F2DC1857819}.Debug|Any CPU.ActiveCfg = Debug|Any CPU
		{6C76BA2D-3647-4A56-BC49-5F2DC1857819}.Debug|Any CPU.Build.0 = Debug|Any CPU
		{6C76BA2D-3647-4A56-BC49-5F2DC1857819}.Release|Any CPU.ActiveCfg = Release|Any CPU
		{6C76BA2D-3647-4A56-BC49-5F2DC1857819}.Release|Any CPU.Build.0 = Release|Any CPU
		{860853C7-500E-4D5E-86CC-D99212C8F565}.Debug|Any CPU.ActiveCfg = Debug|Any CPU
		{860853C7-500E-4D5E-86CC-D99212C8F565}.Debug|Any CPU.Build.0 = Debug|Any CPU
		{860853C7-500E-4D5E-86CC-D99212C8F565}.Release|Any CPU.ActiveCfg = Release|Any CPU
		{860853C7-500E-4D5E-86CC-D99212C8F565}.Release|Any CPU.Build.0 = Release|Any CPU
		{021D5000-58D6-4D6D-AE75-8E009659C904}.Debug|Any CPU.ActiveCfg = Debug|Any CPU
		{021D5000-58D6-4D6D-AE75-8E009659C904}.Debug|Any CPU.Build.0 = Debug|Any CPU
		{021D5000-58D6-4D6D-AE75-8E009659C904}.Release|Any CPU.ActiveCfg = Release|Any CPU
		{021D5000-58D6-4D6D-AE75-8E009659C904}.Release|Any CPU.Build.0 = Release|Any CPU
		{CA2AF28B-6B81-49CA-BD5A-8CAC81E73C0F}.Debug|Any CPU.ActiveCfg = Debug|Any CPU
		{CA2AF28B-6B81-49CA-BD5A-8CAC81E73C0F}.Debug|Any CPU.Build.0 = Debug|Any CPU
		{CA2AF28B-6B81-49CA-BD5A-8CAC81E73C0F}.Release|Any CPU.ActiveCfg = Release|Any CPU
		{CA2AF28B-6B81-49CA-BD5A-8CAC81E73C0F}.Release|Any CPU.Build.0 = Release|Any CPU
		{C23BF8A0-2875-4A60-95EF-A47CF6555019}.Debug|Any CPU.ActiveCfg = Debug|Any CPU
		{C23BF8A0-2875-4A60-95EF-A47CF6555019}.Debug|Any CPU.Build.0 = Debug|Any CPU
		{C23BF8A0-2875-4A60-95EF-A47CF6555019}.Release|Any CPU.ActiveCfg = Release|Any CPU
		{C23BF8A0-2875-4A60-95EF-A47CF6555019}.Release|Any CPU.Build.0 = Release|Any CPU
		{1C8CCC88-33E2-420D-94D8-8AEA5D64F9E4}.Debug|Any CPU.ActiveCfg = Debug|Any CPU
		{1C8CCC88-33E2-420D-94D8-8AEA5D64F9E4}.Debug|Any CPU.Build.0 = Debug|Any CPU
		{1C8CCC88-33E2-420D-94D8-8AEA5D64F9E4}.Release|Any CPU.ActiveCfg = Release|Any CPU
		{1C8CCC88-33E2-420D-94D8-8AEA5D64F9E4}.Release|Any CPU.Build.0 = Release|Any CPU
		{CD9D2C78-63B0-43B4-ABBE-3783082C6E1C}.Debug|Any CPU.ActiveCfg = Debug|Any CPU
		{CD9D2C78-63B0-43B4-ABBE-3783082C6E1C}.Debug|Any CPU.Build.0 = Debug|Any CPU
		{CD9D2C78-63B0-43B4-ABBE-3783082C6E1C}.Release|Any CPU.ActiveCfg = Release|Any CPU
		{CD9D2C78-63B0-43B4-ABBE-3783082C6E1C}.Release|Any CPU.Build.0 = Release|Any CPU
		{52DD982D-5DF3-46CC-AAEF-B6D2B3825A9C}.Debug|Any CPU.ActiveCfg = Debug|Any CPU
		{52DD982D-5DF3-46CC-AAEF-B6D2B3825A9C}.Debug|Any CPU.Build.0 = Debug|Any CPU
		{52DD982D-5DF3-46CC-AAEF-B6D2B3825A9C}.Release|Any CPU.ActiveCfg = Release|Any CPU
		{52DD982D-5DF3-46CC-AAEF-B6D2B3825A9C}.Release|Any CPU.Build.0 = Release|Any CPU
		{AEABC2F5-A7CE-446F-809F-AB8ECA985306}.Debug|Any CPU.ActiveCfg = Debug|Any CPU
		{AEABC2F5-A7CE-446F-809F-AB8ECA985306}.Debug|Any CPU.Build.0 = Debug|Any CPU
		{AEABC2F5-A7CE-446F-809F-AB8ECA985306}.Release|Any CPU.ActiveCfg = Release|Any CPU
		{AEABC2F5-A7CE-446F-809F-AB8ECA985306}.Release|Any CPU.Build.0 = Release|Any CPU
		{3EE7DA57-73C4-4AB3-BF63-DD764BE0C210}.Debug|Any CPU.ActiveCfg = Debug|Any CPU
		{3EE7DA57-73C4-4AB3-BF63-DD764BE0C210}.Debug|Any CPU.Build.0 = Debug|Any CPU
		{3EE7DA57-73C4-4AB3-BF63-DD764BE0C210}.Release|Any CPU.ActiveCfg = Release|Any CPU
		{3EE7DA57-73C4-4AB3-BF63-DD764BE0C210}.Release|Any CPU.Build.0 = Release|Any CPU
		{D13B506B-47D3-4203-9E1B-257507D1F12E}.Debug|Any CPU.ActiveCfg = Debug|Any CPU
		{D13B506B-47D3-4203-9E1B-257507D1F12E}.Debug|Any CPU.Build.0 = Debug|Any CPU
		{D13B506B-47D3-4203-9E1B-257507D1F12E}.Release|Any CPU.ActiveCfg = Release|Any CPU
		{D13B506B-47D3-4203-9E1B-257507D1F12E}.Release|Any CPU.Build.0 = Release|Any CPU
		{DE1764E4-F82C-40C4-89EC-72876B2506DE}.Debug|Any CPU.ActiveCfg = Debug|Any CPU
		{DE1764E4-F82C-40C4-89EC-72876B2506DE}.Debug|Any CPU.Build.0 = Debug|Any CPU
		{DE1764E4-F82C-40C4-89EC-72876B2506DE}.Release|Any CPU.ActiveCfg = Release|Any CPU
		{DE1764E4-F82C-40C4-89EC-72876B2506DE}.Release|Any CPU.Build.0 = Release|Any CPU
		{FDD93947-4B1A-4376-9A7F-FE97B9FA497C}.Debug|Any CPU.ActiveCfg = Debug|Any CPU
		{FDD93947-4B1A-4376-9A7F-FE97B9FA497C}.Debug|Any CPU.Build.0 = Debug|Any CPU
		{FDD93947-4B1A-4376-9A7F-FE97B9FA497C}.Release|Any CPU.ActiveCfg = Release|Any CPU
		{FDD93947-4B1A-4376-9A7F-FE97B9FA497C}.Release|Any CPU.Build.0 = Release|Any CPU
	EndGlobalSection
	GlobalSection(SolutionProperties) = preSolution
		HideSolutionNode = FALSE
	EndGlobalSection
	GlobalSection(ExtensibilityGlobals) = postSolution
		SolutionGuid = {F67DE238-710E-45D1-8087-B741ED7DB1EB}
	EndGlobalSection
EndGlobal
